// !$*UTF8*$!
{
	archiveVersion = 1;
	classes = {
	};
	objectVersion = 48;
	objects = {

/* Begin PBXBuildFile section */
		303ACFCF202A2776002842E3 /* JRCollectionView.m in Sources */ = {isa = PBXBuildFile; fileRef = 303ACFCE202A2776002842E3 /* JRCollectionView.m */; };
		304E4F37202A0D3C007A0517 /* JRAsset.m in Sources */ = {isa = PBXBuildFile; fileRef = 304E4F36202A0D3C007A0517 /* JRAsset.m */; };
		3054FB241FDBA06C00FC110A /* AppDelegate.m in Sources */ = {isa = PBXBuildFile; fileRef = 3054FB231FDBA06C00FC110A /* AppDelegate.m */; };
		3054FB271FDBA06C00FC110A /* ViewController.m in Sources */ = {isa = PBXBuildFile; fileRef = 3054FB261FDBA06C00FC110A /* ViewController.m */; };
		3054FB2A1FDBA06C00FC110A /* Main.storyboard in Resources */ = {isa = PBXBuildFile; fileRef = 3054FB281FDBA06C00FC110A /* Main.storyboard */; };
		3054FB2C1FDBA06C00FC110A /* Assets.xcassets in Resources */ = {isa = PBXBuildFile; fileRef = 3054FB2B1FDBA06C00FC110A /* Assets.xcassets */; };
		3054FB2F1FDBA06C00FC110A /* LaunchScreen.storyboard in Resources */ = {isa = PBXBuildFile; fileRef = 3054FB2D1FDBA06C00FC110A /* LaunchScreen.storyboard */; };
		3054FB321FDBA06C00FC110A /* main.m in Sources */ = {isa = PBXBuildFile; fileRef = 3054FB311FDBA06C00FC110A /* main.m */; };
		307EA5C2203D18CC00C87F9E /* JRImageListController.m in Sources */ = {isa = PBXBuildFile; fileRef = 307EA5C1203D18CC00C87F9E /* JRImageListController.m */; };
		342025A4202C002400571A8F /* JRSelectedButton.m in Sources */ = {isa = PBXBuildFile; fileRef = 342025A3202C002400571A8F /* JRSelectedButton.m */; };
		343ADB7E203FF36A0061D3CC /* JRSelectedView.m in Sources */ = {isa = PBXBuildFile; fileRef = 343ADB7D203FF36A0061D3CC /* JRSelectedView.m */; };
		3498B3AC20245B500087F377 /* JRImagePickerController.m in Sources */ = {isa = PBXBuildFile; fileRef = 3498B3AB20245B500087F377 /* JRImagePickerController.m */; };
		3498B3AF20245BD00087F377 /* JRTestViewController.m in Sources */ = {isa = PBXBuildFile; fileRef = 3498B3AE20245BD00087F377 /* JRTestViewController.m */; };
		3498B3B620246FE10087F377 /* JRAlbum.m in Sources */ = {isa = PBXBuildFile; fileRef = 3498B3B520246FE10087F377 /* JRAlbum.m */; };
		3498B3B9202470640087F377 /* JRAlbumManager.m in Sources */ = {isa = PBXBuildFile; fileRef = 3498B3B8202470640087F377 /* JRAlbumManager.m */; };
		34B82FC32028400400598767 /* JRImageCell.m in Sources */ = {isa = PBXBuildFile; fileRef = 34B82FC22028400400598767 /* JRImageCell.m */; };
		34B82FC62028585C00598767 /* PHImageManager+JRExtension.m in Sources */ = {isa = PBXBuildFile; fileRef = 34B82FC52028585C00598767 /* PHImageManager+JRExtension.m */; };
/* End PBXBuildFile section */

/* Begin PBXFileReference section */
		303ACFCD202A2776002842E3 /* JRCollectionView.h */ = {isa = PBXFileReference; lastKnownFileType = sourcecode.c.h; path = JRCollectionView.h; sourceTree = "<group>"; };
		303ACFCE202A2776002842E3 /* JRCollectionView.m */ = {isa = PBXFileReference; lastKnownFileType = sourcecode.c.objc; path = JRCollectionView.m; sourceTree = "<group>"; };
		304E4F35202A0D3C007A0517 /* JRAsset.h */ = {isa = PBXFileReference; lastKnownFileType = sourcecode.c.h; path = JRAsset.h; sourceTree = "<group>"; };
		304E4F36202A0D3C007A0517 /* JRAsset.m */ = {isa = PBXFileReference; lastKnownFileType = sourcecode.c.objc; path = JRAsset.m; sourceTree = "<group>"; };
		3054FB1F1FDBA06C00FC110A /* JRImagePicker.app */ = {isa = PBXFileReference; explicitFileType = wrapper.application; includeInIndex = 0; path = JRImagePicker.app; sourceTree = BUILT_PRODUCTS_DIR; };
		3054FB221FDBA06C00FC110A /* AppDelegate.h */ = {isa = PBXFileReference; lastKnownFileType = sourcecode.c.h; path = AppDelegate.h; sourceTree = "<group>"; };
		3054FB231FDBA06C00FC110A /* AppDelegate.m */ = {isa = PBXFileReference; lastKnownFileType = sourcecode.c.objc; path = AppDelegate.m; sourceTree = "<group>"; };
		3054FB251FDBA06C00FC110A /* ViewController.h */ = {isa = PBXFileReference; lastKnownFileType = sourcecode.c.h; path = ViewController.h; sourceTree = "<group>"; };
		3054FB261FDBA06C00FC110A /* ViewController.m */ = {isa = PBXFileReference; lastKnownFileType = sourcecode.c.objc; path = ViewController.m; sourceTree = "<group>"; };
		3054FB291FDBA06C00FC110A /* Base */ = {isa = PBXFileReference; lastKnownFileType = file.storyboard; name = Base; path = Base.lproj/Main.storyboard; sourceTree = "<group>"; };
		3054FB2B1FDBA06C00FC110A /* Assets.xcassets */ = {isa = PBXFileReference; lastKnownFileType = folder.assetcatalog; path = Assets.xcassets; sourceTree = "<group>"; };
		3054FB2E1FDBA06C00FC110A /* Base */ = {isa = PBXFileReference; lastKnownFileType = file.storyboard; name = Base; path = Base.lproj/LaunchScreen.storyboard; sourceTree = "<group>"; };
		3054FB301FDBA06C00FC110A /* Info.plist */ = {isa = PBXFileReference; lastKnownFileType = text.plist.xml; path = Info.plist; sourceTree = "<group>"; };
		3054FB311FDBA06C00FC110A /* main.m */ = {isa = PBXFileReference; lastKnownFileType = sourcecode.c.objc; path = main.m; sourceTree = "<group>"; };
		307EA5C0203D18CC00C87F9E /* JRImageListController.h */ = {isa = PBXFileReference; lastKnownFileType = sourcecode.c.h; path = JRImageListController.h; sourceTree = "<group>"; };
		307EA5C1203D18CC00C87F9E /* JRImageListController.m */ = {isa = PBXFileReference; lastKnownFileType = sourcecode.c.objc; path = JRImageListController.m; sourceTree = "<group>"; };
		342025A2202C002400571A8F /* JRSelectedButton.h */ = {isa = PBXFileReference; lastKnownFileType = sourcecode.c.h; path = JRSelectedButton.h; sourceTree = "<group>"; };
		342025A3202C002400571A8F /* JRSelectedButton.m */ = {isa = PBXFileReference; lastKnownFileType = sourcecode.c.objc; path = JRSelectedButton.m; sourceTree = "<group>"; };
		343ADB7C203FF36A0061D3CC /* JRSelectedView.h */ = {isa = PBXFileReference; lastKnownFileType = sourcecode.c.h; path = JRSelectedView.h; sourceTree = "<group>"; };
		343ADB7D203FF36A0061D3CC /* JRSelectedView.m */ = {isa = PBXFileReference; lastKnownFileType = sourcecode.c.objc; path = JRSelectedView.m; sourceTree = "<group>"; };
		3498B3AA20245B500087F377 /* JRImagePickerController.h */ = {isa = PBXFileReference; fileEncoding = 4; lastKnownFileType = sourcecode.c.h; path = JRImagePickerController.h; sourceTree = "<group>"; };
		3498B3AB20245B500087F377 /* JRImagePickerController.m */ = {isa = PBXFileReference; fileEncoding = 4; lastKnownFileType = sourcecode.c.objc; path = JRImagePickerController.m; sourceTree = "<group>"; };
		3498B3AD20245BD00087F377 /* JRTestViewController.h */ = {isa = PBXFileReference; lastKnownFileType = sourcecode.c.h; path = JRTestViewController.h; sourceTree = "<group>"; };
		3498B3AE20245BD00087F377 /* JRTestViewController.m */ = {isa = PBXFileReference; lastKnownFileType = sourcecode.c.objc; path = JRTestViewController.m; sourceTree = "<group>"; };
		3498B3B1202460920087F377 /* jr_PHAsset.h */ = {isa = PBXFileReference; lastKnownFileType = sourcecode.c.h; path = jr_PHAsset.h; sourceTree = "<group>"; };
		3498B3B220246C650087F377 /* zh-Hans */ = {isa = PBXFileReference; lastKnownFileType = text.plist.strings; name = "zh-Hans"; path = "zh-Hans.lproj/Main.strings"; sourceTree = "<group>"; };
		3498B3B320246C650087F377 /* zh-Hans */ = {isa = PBXFileReference; lastKnownFileType = text.plist.strings; name = "zh-Hans"; path = "zh-Hans.lproj/LaunchScreen.strings"; sourceTree = "<group>"; };
		3498B3B420246FE10087F377 /* JRAlbum.h */ = {isa = PBXFileReference; lastKnownFileType = sourcecode.c.h; path = JRAlbum.h; sourceTree = "<group>"; };
		3498B3B520246FE10087F377 /* JRAlbum.m */ = {isa = PBXFileReference; lastKnownFileType = sourcecode.c.objc; path = JRAlbum.m; sourceTree = "<group>"; };
		3498B3B7202470640087F377 /* JRAlbumManager.h */ = {isa = PBXFileReference; lastKnownFileType = sourcecode.c.h; path = JRAlbumManager.h; sourceTree = "<group>"; };
		3498B3B8202470640087F377 /* JRAlbumManager.m */ = {isa = PBXFileReference; lastKnownFileType = sourcecode.c.objc; path = JRAlbumManager.m; sourceTree = "<group>"; };
		34B82FC0202839F900598767 /* Header.h */ = {isa = PBXFileReference; lastKnownFileType = sourcecode.c.h; path = Header.h; sourceTree = "<group>"; };
		34B82FC12028400400598767 /* JRImageCell.h */ = {isa = PBXFileReference; lastKnownFileType = sourcecode.c.h; path = JRImageCell.h; sourceTree = "<group>"; };
		34B82FC22028400400598767 /* JRImageCell.m */ = {isa = PBXFileReference; lastKnownFileType = sourcecode.c.objc; path = JRImageCell.m; sourceTree = "<group>"; };
		34B82FC42028585C00598767 /* PHImageManager+JRExtension.h */ = {isa = PBXFileReference; lastKnownFileType = sourcecode.c.h; path = "PHImageManager+JRExtension.h"; sourceTree = "<group>"; };
		34B82FC52028585C00598767 /* PHImageManager+JRExtension.m */ = {isa = PBXFileReference; lastKnownFileType = sourcecode.c.objc; path = "PHImageManager+JRExtension.m"; sourceTree = "<group>"; };
/* End PBXFileReference section */

/* Begin PBXFrameworksBuildPhase section */
		3054FB1C1FDBA06C00FC110A /* Frameworks */ = {
			isa = PBXFrameworksBuildPhase;
			buildActionMask = 2147483647;
			files = (
			);
			runOnlyForDeploymentPostprocessing = 0;
		};
/* End PBXFrameworksBuildPhase section */

/* Begin PBXGroup section */
		304E4F31202A0C8F007A0517 /* Controllers */ = {
			isa = PBXGroup;
			children = (
				3498B3AD20245BD00087F377 /* JRTestViewController.h */,
				3498B3AE20245BD00087F377 /* JRTestViewController.m */,
				3498B3AA20245B500087F377 /* JRImagePickerController.h */,
				3498B3AB20245B500087F377 /* JRImagePickerController.m */,
				307EA5C0203D18CC00C87F9E /* JRImageListController.h */,
				307EA5C1203D18CC00C87F9E /* JRImageListController.m */,
			);
			path = Controllers;
			sourceTree = "<group>";
		};
		304E4F32202A0C9D007A0517 /* Models */ = {
			isa = PBXGroup;
			children = (
				3498B3B7202470640087F377 /* JRAlbumManager.h */,
				3498B3B8202470640087F377 /* JRAlbumManager.m */,
				3498B3B420246FE10087F377 /* JRAlbum.h */,
				3498B3B520246FE10087F377 /* JRAlbum.m */,
				304E4F35202A0D3C007A0517 /* JRAsset.h */,
				304E4F36202A0D3C007A0517 /* JRAsset.m */,
			);
			path = Models;
			sourceTree = "<group>";
		};
		304E4F33202A0CA2007A0517 /* Views */ = {
			isa = PBXGroup;
			children = (
				34B82FC12028400400598767 /* JRImageCell.h */,
				34B82FC22028400400598767 /* JRImageCell.m */,
				342025A2202C002400571A8F /* JRSelectedButton.h */,
				342025A3202C002400571A8F /* JRSelectedButton.m */,
				343ADB7C203FF36A0061D3CC /* JRSelectedView.h */,
				343ADB7D203FF36A0061D3CC /* JRSelectedView.m */,
			);
			path = Views;
			sourceTree = "<group>";
		};
		304E4F34202A0CBB007A0517 /* Extension */ = {
			isa = PBXGroup;
			children = (
				34B82FC42028585C00598767 /* PHImageManager+JRExtension.h */,
				34B82FC52028585C00598767 /* PHImageManager+JRExtension.m */,
				303ACFCD202A2776002842E3 /* JRCollectionView.h */,
				303ACFCE202A2776002842E3 /* JRCollectionView.m */,
			);
			path = Extension;
			sourceTree = "<group>";
		};
		3054FB161FDBA06C00FC110A = {
			isa = PBXGroup;
			children = (
				3054FB211FDBA06C00FC110A /* JRImagePicker */,
				3054FB201FDBA06C00FC110A /* Products */,
			);
			sourceTree = "<group>";
		};
		3054FB201FDBA06C00FC110A /* Products */ = {
			isa = PBXGroup;
			children = (
				3054FB1F1FDBA06C00FC110A /* JRImagePicker.app */,
			);
			name = Products;
			sourceTree = "<group>";
		};
		3054FB211FDBA06C00FC110A /* JRImagePicker */ = {
			isa = PBXGroup;
			children = (
				3498B3B0202460830087F377 /* document */,
				3498B3A920245B4A0087F377 /* JRImagePicker */,
				3054FB391FDBA0F000FC110A /* Delegate */,
				3054FB3B1FDBA10600FC110A /* MainController */,
				3054FB301FDBA06C00FC110A /* Info.plist */,
				3054FB381FDBA0DF00FC110A /* Support File */,
			);
			path = JRImagePicker;
			sourceTree = "<group>";
		};
		3054FB381FDBA0DF00FC110A /* Support File */ = {
			isa = PBXGroup;
			children = (
				3054FB281FDBA06C00FC110A /* Main.storyboard */,
				3054FB2B1FDBA06C00FC110A /* Assets.xcassets */,
				3054FB2D1FDBA06C00FC110A /* LaunchScreen.storyboard */,
				3054FB311FDBA06C00FC110A /* main.m */,
			);
			path = "Support File";
			sourceTree = "<group>";
		};
		3054FB391FDBA0F000FC110A /* Delegate */ = {
			isa = PBXGroup;
			children = (
				3054FB221FDBA06C00FC110A /* AppDelegate.h */,
				3054FB231FDBA06C00FC110A /* AppDelegate.m */,
			);
			path = Delegate;
			sourceTree = "<group>";
		};
		3054FB3B1FDBA10600FC110A /* MainController */ = {
			isa = PBXGroup;
			children = (
				3054FB251FDBA06C00FC110A /* ViewController.h */,
				3054FB261FDBA06C00FC110A /* ViewController.m */,
			);
			path = MainController;
			sourceTree = "<group>";
		};
		3498B3A920245B4A0087F377 /* JRImagePicker */ = {
			isa = PBXGroup;
			children = (
				34B82FC0202839F900598767 /* Header.h */,
				304E4F31202A0C8F007A0517 /* Controllers */,
				304E4F34202A0CBB007A0517 /* Extension */,
				304E4F33202A0CA2007A0517 /* Views */,
				304E4F32202A0C9D007A0517 /* Models */,
			);
			path = JRImagePicker;
			sourceTree = "<group>";
		};
		3498B3B0202460830087F377 /* document */ = {
			isa = PBXGroup;
			children = (
				3498B3B1202460920087F377 /* jr_PHAsset.h */,
			);
			path = document;
			sourceTree = "<group>";
		};
/* End PBXGroup section */

/* Begin PBXNativeTarget section */
		3054FB1E1FDBA06C00FC110A /* JRImagePicker */ = {
			isa = PBXNativeTarget;
			buildConfigurationList = 3054FB351FDBA06C00FC110A /* Build configuration list for PBXNativeTarget "JRImagePicker" */;
			buildPhases = (
				3054FB1B1FDBA06C00FC110A /* Sources */,
				3054FB1C1FDBA06C00FC110A /* Frameworks */,
				3054FB1D1FDBA06C00FC110A /* Resources */,
			);
			buildRules = (
			);
			dependencies = (
			);
			name = JRImagePicker;
			productName = JRImagePicker;
			productReference = 3054FB1F1FDBA06C00FC110A /* JRImagePicker.app */;
			productType = "com.apple.product-type.application";
		};
/* End PBXNativeTarget section */

/* Begin PBXProject section */
		3054FB171FDBA06C00FC110A /* Project object */ = {
			isa = PBXProject;
			attributes = {
				LastUpgradeCheck = 0920;
				ORGANIZATIONNAME = "王潇";
				TargetAttributes = {
					3054FB1E1FDBA06C00FC110A = {
						CreatedOnToolsVersion = 9.2;
						ProvisioningStyle = Automatic;
					};
				};
			};
			buildConfigurationList = 3054FB1A1FDBA06C00FC110A /* Build configuration list for PBXProject "JRImagePicker" */;
			compatibilityVersion = "Xcode 8.0";
			developmentRegion = en;
			hasScannedForEncodings = 0;
			knownRegions = (
				Base,
			);
			mainGroup = 3054FB161FDBA06C00FC110A;
			productRefGroup = 3054FB201FDBA06C00FC110A /* Products */;
			projectDirPath = "";
			projectRoot = "";
			targets = (
				3054FB1E1FDBA06C00FC110A /* JRImagePicker */,
			);
		};
/* End PBXProject section */

/* Begin PBXResourcesBuildPhase section */
		3054FB1D1FDBA06C00FC110A /* Resources */ = {
			isa = PBXResourcesBuildPhase;
			buildActionMask = 2147483647;
			files = (
				3054FB2F1FDBA06C00FC110A /* LaunchScreen.storyboard in Resources */,
				3054FB2C1FDBA06C00FC110A /* Assets.xcassets in Resources */,
				3054FB2A1FDBA06C00FC110A /* Main.storyboard in Resources */,
			);
			runOnlyForDeploymentPostprocessing = 0;
		};
/* End PBXResourcesBuildPhase section */

/* Begin PBXSourcesBuildPhase section */
		3054FB1B1FDBA06C00FC110A /* Sources */ = {
			isa = PBXSourcesBuildPhase;
			buildActionMask = 2147483647;
			files = (
				3498B3B9202470640087F377 /* JRAlbumManager.m in Sources */,
				3054FB271FDBA06C00FC110A /* ViewController.m in Sources */,
				3498B3AC20245B500087F377 /* JRImagePickerController.m in Sources */,
				3498B3AF20245BD00087F377 /* JRTestViewController.m in Sources */,
				3054FB321FDBA06C00FC110A /* main.m in Sources */,
				303ACFCF202A2776002842E3 /* JRCollectionView.m in Sources */,
				342025A4202C002400571A8F /* JRSelectedButton.m in Sources */,
				3054FB241FDBA06C00FC110A /* AppDelegate.m in Sources */,
				34B82FC62028585C00598767 /* PHImageManager+JRExtension.m in Sources */,
				343ADB7E203FF36A0061D3CC /* JRSelectedView.m in Sources */,
				3498B3B620246FE10087F377 /* JRAlbum.m in Sources */,
				307EA5C2203D18CC00C87F9E /* JRImageListController.m in Sources */,
				304E4F37202A0D3C007A0517 /* JRAsset.m in Sources */,
				34B82FC32028400400598767 /* JRImageCell.m in Sources */,
			);
			runOnlyForDeploymentPostprocessing = 0;
		};
/* End PBXSourcesBuildPhase section */

/* Begin PBXVariantGroup section */
		3054FB281FDBA06C00FC110A /* Main.storyboard */ = {
			isa = PBXVariantGroup;
			children = (
				3054FB291FDBA06C00FC110A /* Base */,
				3498B3B220246C650087F377 /* zh-Hans */,
			);
			name = Main.storyboard;
			sourceTree = "<group>";
		};
		3054FB2D1FDBA06C00FC110A /* LaunchScreen.storyboard */ = {
			isa = PBXVariantGroup;
			children = (
				3054FB2E1FDBA06C00FC110A /* Base */,
				3498B3B320246C650087F377 /* zh-Hans */,
			);
			name = LaunchScreen.storyboard;
			sourceTree = "<group>";
		};
/* End PBXVariantGroup section */

/* Begin XCBuildConfiguration section */
		3054FB331FDBA06C00FC110A /* Debug */ = {
			isa = XCBuildConfiguration;
			buildSettings = {
				ALWAYS_SEARCH_USER_PATHS = NO;
				CLANG_ANALYZER_LOCALIZABILITY_NONLOCALIZED = YES;
				CLANG_ANALYZER_NONNULL = YES;
				CLANG_ANALYZER_NUMBER_OBJECT_CONVERSION = YES_AGGRESSIVE;
				CLANG_CXX_LANGUAGE_STANDARD = "gnu++14";
				CLANG_CXX_LIBRARY = "libc++";
				CLANG_ENABLE_MODULES = YES;
				CLANG_ENABLE_OBJC_ARC = YES;
				CLANG_WARN_BLOCK_CAPTURE_AUTORELEASING = YES;
				CLANG_WARN_BOOL_CONVERSION = YES;
				CLANG_WARN_COMMA = YES;
				CLANG_WARN_CONSTANT_CONVERSION = YES;
				CLANG_WARN_DIRECT_OBJC_ISA_USAGE = YES_ERROR;
				CLANG_WARN_DOCUMENTATION_COMMENTS = YES;
				CLANG_WARN_EMPTY_BODY = YES;
				CLANG_WARN_ENUM_CONVERSION = YES;
				CLANG_WARN_INFINITE_RECURSION = YES;
				CLANG_WARN_INT_CONVERSION = YES;
				CLANG_WARN_NON_LITERAL_NULL_CONVERSION = YES;
				CLANG_WARN_OBJC_LITERAL_CONVERSION = YES;
				CLANG_WARN_OBJC_ROOT_CLASS = YES_ERROR;
				CLANG_WARN_RANGE_LOOP_ANALYSIS = YES;
				CLANG_WARN_STRICT_PROTOTYPES = YES;
				CLANG_WARN_SUSPICIOUS_MOVE = YES;
				CLANG_WARN_UNGUARDED_AVAILABILITY = YES_AGGRESSIVE;
				CLANG_WARN_UNREACHABLE_CODE = YES;
				CLANG_WARN__DUPLICATE_METHOD_MATCH = YES;
				CODE_SIGN_IDENTITY = "iPhone Developer";
				COPY_PHASE_STRIP = NO;
				DEBUG_INFORMATION_FORMAT = dwarf;
				ENABLE_STRICT_OBJC_MSGSEND = YES;
				ENABLE_TESTABILITY = YES;
				GCC_C_LANGUAGE_STANDARD = gnu11;
				GCC_DYNAMIC_NO_PIC = NO;
				GCC_NO_COMMON_BLOCKS = YES;
				GCC_OPTIMIZATION_LEVEL = 0;
				GCC_PREPROCESSOR_DEFINITIONS = (
					"DEBUG=1",
					"$(inherited)",
				);
				GCC_WARN_64_TO_32_BIT_CONVERSION = YES;
				GCC_WARN_ABOUT_RETURN_TYPE = YES_ERROR;
				GCC_WARN_UNDECLARED_SELECTOR = YES;
				GCC_WARN_UNINITIALIZED_AUTOS = YES_AGGRESSIVE;
				GCC_WARN_UNUSED_FUNCTION = YES;
				GCC_WARN_UNUSED_VARIABLE = YES;
				IPHONEOS_DEPLOYMENT_TARGET = 11.2;
				MTL_ENABLE_DEBUG_INFO = YES;
				ONLY_ACTIVE_ARCH = YES;
				SDKROOT = iphoneos;
			};
			name = Debug;
		};
		3054FB341FDBA06C00FC110A /* Release */ = {
			isa = XCBuildConfiguration;
			buildSettings = {
				ALWAYS_SEARCH_USER_PATHS = NO;
				CLANG_ANALYZER_LOCALIZABILITY_NONLOCALIZED = YES;
				CLANG_ANALYZER_NONNULL = YES;
				CLANG_ANALYZER_NUMBER_OBJECT_CONVERSION = YES_AGGRESSIVE;
				CLANG_CXX_LANGUAGE_STANDARD = "gnu++14";
				CLANG_CXX_LIBRARY = "libc++";
				CLANG_ENABLE_MODULES = YES;
				CLANG_ENABLE_OBJC_ARC = YES;
				CLANG_WARN_BLOCK_CAPTURE_AUTORELEASING = YES;
				CLANG_WARN_BOOL_CONVERSION = YES;
				CLANG_WARN_COMMA = YES;
				CLANG_WARN_CONSTANT_CONVERSION = YES;
				CLANG_WARN_DIRECT_OBJC_ISA_USAGE = YES_ERROR;
				CLANG_WARN_DOCUMENTATION_COMMENTS = YES;
				CLANG_WARN_EMPTY_BODY = YES;
				CLANG_WARN_ENUM_CONVERSION = YES;
				CLANG_WARN_INFINITE_RECURSION = YES;
				CLANG_WARN_INT_CONVERSION = YES;
				CLANG_WARN_NON_LITERAL_NULL_CONVERSION = YES;
				CLANG_WARN_OBJC_LITERAL_CONVERSION = YES;
				CLANG_WARN_OBJC_ROOT_CLASS = YES_ERROR;
				CLANG_WARN_RANGE_LOOP_ANALYSIS = YES;
				CLANG_WARN_STRICT_PROTOTYPES = YES;
				CLANG_WARN_SUSPICIOUS_MOVE = YES;
				CLANG_WARN_UNGUARDED_AVAILABILITY = YES_AGGRESSIVE;
				CLANG_WARN_UNREACHABLE_CODE = YES;
				CLANG_WARN__DUPLICATE_METHOD_MATCH = YES;
				CODE_SIGN_IDENTITY = "iPhone Developer";
				COPY_PHASE_STRIP = NO;
				DEBUG_INFORMATION_FORMAT = "dwarf-with-dsym";
				ENABLE_NS_ASSERTIONS = NO;
				ENABLE_STRICT_OBJC_MSGSEND = YES;
				GCC_C_LANGUAGE_STANDARD = gnu11;
				GCC_NO_COMMON_BLOCKS = YES;
				GCC_WARN_64_TO_32_BIT_CONVERSION = YES;
				GCC_WARN_ABOUT_RETURN_TYPE = YES_ERROR;
				GCC_WARN_UNDECLARED_SELECTOR = YES;
				GCC_WARN_UNINITIALIZED_AUTOS = YES_AGGRESSIVE;
				GCC_WARN_UNUSED_FUNCTION = YES;
				GCC_WARN_UNUSED_VARIABLE = YES;
				IPHONEOS_DEPLOYMENT_TARGET = 11.2;
				MTL_ENABLE_DEBUG_INFO = NO;
				SDKROOT = iphoneos;
				VALIDATE_PRODUCT = YES;
			};
			name = Release;
		};
		3054FB361FDBA06C00FC110A /* Debug */ = {
			isa = XCBuildConfiguration;
			buildSettings = {
				ASSETCATALOG_COMPILER_APPICON_NAME = AppIcon;
				CODE_SIGN_STYLE = Automatic;
				DEVELOPMENT_TEAM = 58VU78V7N6;
				INFOPLIST_FILE = JRImagePicker/Info.plist;
				LD_RUNPATH_SEARCH_PATHS = "$(inherited) @executable_path/Frameworks";
				PRODUCT_BUNDLE_IDENTIFIER = com.youranmuye1;
				PRODUCT_NAME = "$(TARGET_NAME)";
				TARGETED_DEVICE_FAMILY = "1,2";
			};
			name = Debug;
		};
		3054FB371FDBA06C00FC110A /* Release */ = {
			isa = XCBuildConfiguration;
			buildSettings = {
				ASSETCATALOG_COMPILER_APPICON_NAME = AppIcon;
				CODE_SIGN_STYLE = Automatic;
				DEVELOPMENT_TEAM = 58VU78V7N6;
				INFOPLIST_FILE = JRImagePicker/Info.plist;
				LD_RUNPATH_SEARCH_PATHS = "$(inherited) @executable_path/Frameworks";
				PRODUCT_BUNDLE_IDENTIFIER = com.youranmuye1;
				PRODUCT_NAME = "$(TARGET_NAME)";
				TARGETED_DEVICE_FAMILY = "1,2";
			};
			name = Release;
		};
/* End XCBuildConfiguration section */

/* Begin XCConfigurationList section */
		3054FB1A1FDBA06C00FC110A /* Build configuration list for PBXProject "JRImagePicker" */ = {
			isa = XCConfigurationList;
			buildConfigurations = (
				3054FB331FDBA06C00FC110A /* Debug */,
				3054FB341FDBA06C00FC110A /* Release */,
			);
			defaultConfigurationIsVisible = 0;
			defaultConfigurationName = Release;
		};
		3054FB351FDBA06C00FC110A /* Build configuration list for PBXNativeTarget "JRImagePicker" */ = {
			isa = XCConfigurationList;
			buildConfigurations = (
				3054FB361FDBA06C00FC110A /* Debug */,
				3054FB371FDBA06C00FC110A /* Release */,
			);
			defaultConfigurationIsVisible = 0;
			defaultConfigurationName = Release;
		};
/* End XCConfigurationList section */
	};
	rootObject = 3054FB171FDBA06C00FC110A /* Project object */;
}
